
Microsoft Visual Studio Solution File, Format Version 12.00
# Visual Studio Version 17
VisualStudioVersion = 17.10.34916.146
MinimumVisualStudioVersion = 10.0.40219.1
Project("{FAE04EC0-301F-11D3-BF4B-00C04F79EFBC}") = "SoapService", "SoapService.csproj", "{5B6C43E1-1DF7-4491-8BD5-9E73427818CB}"
EndProject
Global
	GlobalSection(SolutionConfigurationPlatforms) = preSolution
		Debug|Any CPU = Debug|Any CPU
		Release|Any CPU = Release|Any CPU
	EndGlobalSection
	GlobalSection(ProjectConfigurationPlatforms) = postSolution
		{5B6C43E1-1DF7-4491-8BD5-9E73427818CB}.Debug|Any CPU.ActiveCfg = Debug|Any CPU
		{5B6C43E1-1DF7-4491-8BD5-9E73427818CB}.Debug|Any CPU.Build.0 = Debug|Any CPU
		{5B6C43E1-1DF7-4491-8BD5-9E73427818CB}.Release|Any CPU.ActiveCfg = Release|Any CPU
		{5B6C43E1-1DF7-4491-8BD5-9E73427818CB}.Release|Any CPU.Build.0 = Release|Any CPU
	EndGlobalSection
	GlobalSection(SolutionProperties) = preSolution
		HideSolutionNode = FALSE
	EndGlobalSection
	GlobalSection(ExtensibilityGlobals) = postSolution
		SolutionGuid = {E473B40E-3398-4FB2-B761-C7693EEF56F3}
	EndGlobalSection
EndGlobal
